
Microsoft Visual Studio Solution File, Format Version 12.00
# Visual Studio 15
VisualStudioVersion = 15.0.28307.106
MinimumVisualStudioVersion = 10.0.40219.1
Project("{FAE04EC0-301F-11D3-BF4B-00C04F79EFBC}") = "DraughtsGame", "DraughtsGame\DraughtsGame.csproj", "{6A5C80CC-7C40-48D7-A036-C4EBBDC526E7}"
EndProject
Project("{FAE04EC0-301F-11D3-BF4B-00C04F79EFBC}") = "DraughtsGameUnitTests", "DraughtsGameUnitTests\DraughtsGameUnitTests.csproj", "{5CD8007E-2EF5-4ABE-8E62-04CBDDDBB8D6}"
EndProject
Project("{FAE04EC0-301F-11D3-BF4B-00C04F79EFBC}") = "DraughtsConsolePrinter", "DraughtsConsolePrinter\DraughtsConsolePrinter.csproj", "{FB595E48-E463-4698-8B53-4E1E7F3AAB39}"
EndProject
Project("{FAE04EC0-301F-11D3-BF4B-00C04F79EFBC}") = "DraughtsConsole", "DraughtsConsole\DraughtsConsole.csproj", "{55CC8778-D71D-419B-8A2D-2A63B42296CB}"
EndProject
Global
	GlobalSection(SolutionConfigurationPlatforms) = preSolution
		Debug|Any CPU = Debug|Any CPU
		Release|Any CPU = Release|Any CPU
	EndGlobalSection
	GlobalSection(ProjectConfigurationPlatforms) = postSolution
		{6A5C80CC-7C40-48D7-A036-C4EBBDC526E7}.Debug|Any CPU.ActiveCfg = Debug|Any CPU
		{6A5C80CC-7C40-48D7-A036-C4EBBDC526E7}.Debug|Any CPU.Build.0 = Debug|Any CPU
		{6A5C80CC-7C40-48D7-A036-C4EBBDC526E7}.Release|Any CPU.ActiveCfg = Release|Any CPU
		{6A5C80CC-7C40-48D7-A036-C4EBBDC526E7}.Release|Any CPU.Build.0 = Release|Any CPU
		{5CD8007E-2EF5-4ABE-8E62-04CBDDDBB8D6}.Debug|Any CPU.ActiveCfg = Debug|Any CPU
		{5CD8007E-2EF5-4ABE-8E62-04CBDDDBB8D6}.Debug|Any CPU.Build.0 = Debug|Any CPU
		{5CD8007E-2EF5-4ABE-8E62-04CBDDDBB8D6}.Release|Any CPU.ActiveCfg = Release|Any CPU
		{5CD8007E-2EF5-4ABE-8E62-04CBDDDBB8D6}.Release|Any CPU.Build.0 = Release|Any CPU
		{FB595E48-E463-4698-8B53-4E1E7F3AAB39}.Debug|Any CPU.ActiveCfg = Debug|Any CPU
		{FB595E48-E463-4698-8B53-4E1E7F3AAB39}.Debug|Any CPU.Build.0 = Debug|Any CPU
		{FB595E48-E463-4698-8B53-4E1E7F3AAB39}.Release|Any CPU.ActiveCfg = Release|Any CPU
		{FB595E48-E463-4698-8B53-4E1E7F3AAB39}.Release|Any CPU.Build.0 = Release|Any CPU
		{55CC8778-D71D-419B-8A2D-2A63B42296CB}.Debug|Any CPU.ActiveCfg = Debug|Any CPU
		{55CC8778-D71D-419B-8A2D-2A63B42296CB}.Debug|Any CPU.Build.0 = Debug|Any CPU
		{55CC8778-D71D-419B-8A2D-2A63B42296CB}.Release|Any CPU.ActiveCfg = Release|Any CPU
		{55CC8778-D71D-419B-8A2D-2A63B42296CB}.Release|Any CPU.Build.0 = Release|Any CPU
	EndGlobalSection
	GlobalSection(SolutionProperties) = preSolution
		HideSolutionNode = FALSE
	EndGlobalSection
	GlobalSection(ExtensibilityGlobals) = postSolution
		SolutionGuid = {C7C61FEE-E1A2-45D9-AF64-0F38DF9E0A76}
	EndGlobalSection
EndGlobal
